
Microsoft Visual Studio Solution File, Format Version 12.00
# Visual Studio Version 17
VisualStudioVersion = 17.7.34003.232
MinimumVisualStudioVersion = 10.0.40219.1
Project("{D2ABAB84-BF74-430A-B69E-9DC6D40DDA17}") = "SSSA_Ventas_AdventureWorks", "SSSA_Ventas_AdventureWorks.dwproj", "{C596855A-5674-4C20-A8D4-A8946E9E3EF8}"
EndProject
Global
	GlobalSection(SolutionConfigurationPlatforms) = preSolution
		Development|Default = Development|Default
	EndGlobalSection
	GlobalSection(ProjectConfigurationPlatforms) = postSolution
		{C596855A-5674-4C20-A8D4-A8946E9E3EF8}.Development|Default.ActiveCfg = Development
		{C596855A-5674-4C20-A8D4-A8946E9E3EF8}.Development|Default.Build.0 = Development
		{C596855A-5674-4C20-A8D4-A8946E9E3EF8}.Development|Default.Deploy.0 = Development
	EndGlobalSection
	GlobalSection(SolutionProperties) = preSolution
		HideSolutionNode = FALSE
	EndGlobalSection
	GlobalSection(ExtensibilityGlobals) = postSolution
		SolutionGuid = {214EA5AD-0EE4-42FC-921F-A19E80471EA7}
	EndGlobalSection
EndGlobal
